// !$*UTF8*$!
{
	archiveVersion = 1;
	classes = {
	};
	objectVersion = 46;
	objects = {

/* Begin PBXBuildFile section */
		1AEF720E1E8C275900BCBEB9 /* AppDelegate.swift in Sources */ = {isa = PBXBuildFile; fileRef = 1AEF720D1E8C275900BCBEB9 /* AppDelegate.swift */; };
		1AEF72101E8C275900BCBEB9 /* ViewController.swift in Sources */ = {isa = PBXBuildFile; fileRef = 1AEF720F1E8C275900BCBEB9 /* ViewController.swift */; };
		1AEF72131E8C275900BCBEB9 /* Main.storyboard in Resources */ = {isa = PBXBuildFile; fileRef = 1AEF72111E8C275900BCBEB9 /* Main.storyboard */; };
		1AEF72151E8C275900BCBEB9 /* Assets.xcassets in Resources */ = {isa = PBXBuildFile; fileRef = 1AEF72141E8C275900BCBEB9 /* Assets.xcassets */; };
		1AEF72181E8C275900BCBEB9 /* LaunchScreen.storyboard in Resources */ = {isa = PBXBuildFile; fileRef = 1AEF72161E8C275900BCBEB9 /* LaunchScreen.storyboard */; };
		1AEF72201E8C277100BCBEB9 /* History-of-Hearthstone.swift in Sources */ = {isa = PBXBuildFile; fileRef = 1AEF721F1E8C277100BCBEB9 /* History-of-Hearthstone.swift */; };
/* End PBXBuildFile section */

/* Begin PBXFileReference section */
		1AEF720A1E8C275900BCBEB9 /* History-of-HearthStone.app */ = {isa = PBXFileReference; explicitFileType = wrapper.application; includeInIndex = 0; path = "History-of-HearthStone.app"; sourceTree = BUILT_PRODUCTS_DIR; };
		1AEF720D1E8C275900BCBEB9 /* AppDelegate.swift */ = {isa = PBXFileReference; lastKnownFileType = sourcecode.swift; path = AppDelegate.swift; sourceTree = "<group>"; };
		1AEF720F1E8C275900BCBEB9 /* ViewController.swift */ = {isa = PBXFileReference; lastKnownFileType = sourcecode.swift; path = ViewController.swift; sourceTree = "<group>"; };
		1AEF72121E8C275900BCBEB9 /* Base */ = {isa = PBXFileReference; lastKnownFileType = file.storyboard; name = Base; path = Base.lproj/Main.storyboard; sourceTree = "<group>"; };
		1AEF72141E8C275900BCBEB9 /* Assets.xcassets */ = {isa = PBXFileReference; lastKnownFileType = folder.assetcatalog; path = Assets.xcassets; sourceTree = "<group>"; };
		1AEF72171E8C275900BCBEB9 /* Base */ = {isa = PBXFileReference; lastKnownFileType = file.storyboard; name = Base; path = Base.lproj/LaunchScreen.storyboard; sourceTree = "<group>"; };
		1AEF72191E8C275900BCBEB9 /* Info.plist */ = {isa = PBXFileReference; lastKnownFileType = text.plist.xml; path = Info.plist; sourceTree = "<group>"; };
		1AEF721F1E8C277100BCBEB9 /* History-of-Hearthstone.swift */ = {isa = PBXFileReference; fileEncoding = 4; lastKnownFileType = sourcecode.swift; path = "History-of-Hearthstone.swift"; sourceTree = "<group>"; };
/* End PBXFileReference section */

/* Begin PBXFrameworksBuildPhase section */
		1AEF72071E8C275900BCBEB9 /* Frameworks */ = {
			isa = PBXFrameworksBuildPhase;
			buildActionMask = 2147483647;
			files = (
			);
			runOnlyForDeploymentPostprocessing = 0;
		};
/* End PBXFrameworksBuildPhase section */

/* Begin PBXGroup section */
		1AEF72011E8C275900BCBEB9 = {
			isa = PBXGroup;
			children = (
				1AEF720C1E8C275900BCBEB9 /* History-of-HearthStone */,
				1AEF720B1E8C275900BCBEB9 /* Products */,
			);
			sourceTree = "<group>";
		};
		1AEF720B1E8C275900BCBEB9 /* Products */ = {
			isa = PBXGroup;
			children = (
				1AEF720A1E8C275900BCBEB9 /* History-of-HearthStone.app */,
			);
			name = Products;
			sourceTree = "<group>";
		};
		1AEF720C1E8C275900BCBEB9 /* History-of-HearthStone */ = {
			isa = PBXGroup;
			children = (
				1AEF720D1E8C275900BCBEB9 /* AppDelegate.swift */,
				1AEF720F1E8C275900BCBEB9 /* ViewController.swift */,
				1AEF72111E8C275900BCBEB9 /* Main.storyboard */,
				1AEF72141E8C275900BCBEB9 /* Assets.xcassets */,
				1AEF72161E8C275900BCBEB9 /* LaunchScreen.storyboard */,
				1AEF72191E8C275900BCBEB9 /* Info.plist */,
				1AEF721F1E8C277100BCBEB9 /* History-of-Hearthstone.swift */,
			);
			path = "History-of-HearthStone";
			sourceTree = "<group>";
		};
/* End PBXGroup section */

/* Begin PBXNativeTarget section */
		1AEF72091E8C275900BCBEB9 /* History-of-HearthStone */ = {
			isa = PBXNativeTarget;
			buildConfigurationList = 1AEF721C1E8C275900BCBEB9 /* Build configuration list for PBXNativeTarget "History-of-HearthStone" */;
			buildPhases = (
				1AEF72061E8C275900BCBEB9 /* Sources */,
				1AEF72071E8C275900BCBEB9 /* Frameworks */,
				1AEF72081E8C275900BCBEB9 /* Resources */,
			);
			buildRules = (
			);
			dependencies = (
			);
			name = "History-of-HearthStone";
			productName = "History-of-HearthStone";
			productReference = 1AEF720A1E8C275900BCBEB9 /* History-of-HearthStone.app */;
			productType = "com.apple.product-type.application";
		};
/* End PBXNativeTarget section */

/* Begin PBXProject section */
		1AEF72021E8C275900BCBEB9 /* Project object */ = {
			isa = PBXProject;
			attributes = {
				LastSwiftUpdateCheck = 0820;
				LastUpgradeCheck = 0820;
				ORGANIZATIONNAME = "Jihye Jegal";
				TargetAttributes = {
					1AEF72091E8C275900BCBEB9 = {
						CreatedOnToolsVersion = 8.2.1;
						ProvisioningStyle = Automatic;
					};
				};
			};
			buildConfigurationList = 1AEF72051E8C275900BCBEB9 /* Build configuration list for PBXProject "History-of-HearthStone" */;
			compatibilityVersion = "Xcode 3.2";
			developmentRegion = English;
			hasScannedForEncodings = 0;
			knownRegions = (
				en,
				Base,
			);
			mainGroup = 1AEF72011E8C275900BCBEB9;
			productRefGroup = 1AEF720B1E8C275900BCBEB9 /* Products */;
			projectDirPath = "";
			projectRoot = "";
			targets = (
				1AEF72091E8C275900BCBEB9 /* History-of-HearthStone */,
			);
		};
/* End PBXProject section */

/* Begin PBXResourcesBuildPhase section */
		1AEF72081E8C275900BCBEB9 /* Resources */ = {
			isa = PBXResourcesBuildPhase;
			buildActionMask = 2147483647;
			files = (
				1AEF72181E8C275900BCBEB9 /* LaunchScreen.storyboard in Resources */,
				1AEF72151E8C275900BCBEB9 /* Assets.xcassets in Resources */,
				1AEF72131E8C275900BCBEB9 /* Main.storyboard in Resources */,
			);
			runOnlyForDeploymentPostprocessing = 0;
		};
/* End PBXResourcesBuildPhase section */

/* Begin PBXSourcesBuildPhase section */
		1AEF72061E8C275900BCBEB9 /* Sources */ = {
			isa = PBXSourcesBuildPhase;
			buildActionMask = 2147483647;
			files = (
				1AEF72101E8C275900BCBEB9 /* ViewController.swift in Sources */,
				1AEF72201E8C277100BCBEB9 /* History-of-Hearthstone.swift in Sources */,
				1AEF720E1E8C275900BCBEB9 /* AppDelegate.swift in Sources */,
			);
			runOnlyForDeploymentPostprocessing = 0;
		};
/* End PBXSourcesBuildPhase section */

/* Begin PBXVariantGroup section */
		1AEF72111E8C275900BCBEB9 /* Main.storyboard */ = {
			isa = PBXVariantGroup;
			children = (
				1AEF72121E8C275900BCBEB9 /* Base */,
			);
			name = Main.storyboard;
			sourceTree = "<group>";
		};
		1AEF72161E8C275900BCBEB9 /* LaunchScreen.storyboard */ = {
			isa = PBXVariantGroup;
			children = (
				1AEF72171E8C275900BCBEB9 /* Base */,
			);
			name = LaunchScreen.storyboard;
			sourceTree = "<group>";
		};
/* End PBXVariantGroup section */

/* Begin XCBuildConfiguration section */
		1AEF721A1E8C275900BCBEB9 /* Debug */ = {
			isa = XCBuildConfiguration;
			buildSettings = {
				ALWAYS_SEARCH_USER_PATHS = NO;
				CLANG_ANALYZER_NONNULL = YES;
				CLANG_CXX_LANGUAGE_STANDARD = "gnu++0x";
				CLANG_CXX_LIBRARY = "libc++";
				CLANG_ENABLE_MODULES = YES;
				CLANG_ENABLE_OBJC_ARC = YES;
				CLANG_WARN_BOOL_CONVERSION = YES;
				CLANG_WARN_CONSTANT_CONVERSION = YES;
				CLANG_WARN_DIRECT_OBJC_ISA_USAGE = YES_ERROR;
				CLANG_WARN_DOCUMENTATION_COMMENTS = YES;
				CLANG_WARN_EMPTY_BODY = YES;
				CLANG_WARN_ENUM_CONVERSION = YES;
				CLANG_WARN_INFINITE_RECURSION = YES;
				CLANG_WARN_INT_CONVERSION = YES;
				CLANG_WARN_OBJC_ROOT_CLASS = YES_ERROR;
				CLANG_WARN_SUSPICIOUS_MOVE = YES;
				CLANG_WARN_UNREACHABLE_CODE = YES;
				CLANG_WARN__DUPLICATE_METHOD_MATCH = YES;
				"CODE_SIGN_IDENTITY[sdk=iphoneos*]" = "iPhone Developer";
				COPY_PHASE_STRIP = NO;
				DEBUG_INFORMATION_FORMAT = dwarf;
				ENABLE_STRICT_OBJC_MSGSEND = YES;
				ENABLE_TESTABILITY = YES;
				GCC_C_LANGUAGE_STANDARD = gnu99;
				GCC_DYNAMIC_NO_PIC = NO;
				GCC_NO_COMMON_BLOCKS = YES;
				GCC_OPTIMIZATION_LEVEL = 0;
				GCC_PREPROCESSOR_DEFINITIONS = (
					"DEBUG=1",
					"$(inherited)",
				);
				GCC_WARN_64_TO_32_BIT_CONVERSION = YES;
				GCC_WARN_ABOUT_RETURN_TYPE = YES_ERROR;
				GCC_WARN_UNDECLARED_SELECTOR = YES;
				GCC_WARN_UNINITIALIZED_AUTOS = YES_AGGRESSIVE;
				GCC_WARN_UNUSED_FUNCTION = YES;
				GCC_WARN_UNUSED_VARIABLE = YES;
				IPHONEOS_DEPLOYMENT_TARGET = 10.2;
				MTL_ENABLE_DEBUG_INFO = YES;
				ONLY_ACTIVE_ARCH = YES;
				SDKROOT = iphoneos;
				SWIFT_ACTIVE_COMPILATION_CONDITIONS = DEBUG;
				SWIFT_OPTIMIZATION_LEVEL = "-Onone";
				TARGETED_DEVICE_FAMILY = "1,2";
			};
			name = Debug;
		};
		1AEF721B1E8C275900BCBEB9 /* Release */ = {
			isa = XCBuildConfiguration;
			buildSettings = {
				ALWAYS_SEARCH_USER_PATHS = NO;
				CLANG_ANALYZER_NONNULL = YES;
				CLANG_CXX_LANGUAGE_STANDARD = "gnu++0x";
				CLANG_CXX_LIBRARY = "libc++";
				CLANG_ENABLE_MODULES = YES;
				CLANG_ENABLE_OBJC_ARC = YES;
				CLANG_WARN_BOOL_CONVERSION = YES;
				CLANG_WARN_CONSTANT_CONVERSION = YES;
				CLANG_WARN_DIRECT_OBJC_ISA_USAGE = YES_ERROR;
				CLANG_WARN_DOCUMENTATION_COMMENTS = YES;
				CLANG_WARN_EMPTY_BODY = YES;
				CLANG_WARN_ENUM_CONVERSION = YES;
				CLANG_WARN_INFINITE_RECURSION = YES;
				CLANG_WARN_INT_CONVERSION = YES;
				CLANG_WARN_OBJC_ROOT_CLASS = YES_ERROR;
				CLANG_WARN_SUSPICIOUS_MOVE = YES;
				CLANG_WARN_UNREACHABLE_CODE = YES;
				CLANG_WARN__DUPLICATE_METHOD_MATCH = YES;
				"CODE_SIGN_IDENTITY[sdk=iphoneos*]" = "iPhone Developer";
				COPY_PHASE_STRIP = NO;
				DEBUG_INFORMATION_FORMAT = "dwarf-with-dsym";
				ENABLE_NS_ASSERTIONS = NO;
				ENABLE_STRICT_OBJC_MSGSEND = YES;
				GCC_C_LANGUAGE_STANDARD = gnu99;
				GCC_NO_COMMON_BLOCKS = YES;
				GCC_WARN_64_TO_32_BIT_CONVERSION = YES;
				GCC_WARN_ABOUT_RETURN_TYPE = YES_ERROR;
				GCC_WARN_UNDECLARED_SELECTOR = YES;
				GCC_WARN_UNINITIALIZED_AUTOS = YES_AGGRESSIVE;
				GCC_WARN_UNUSED_FUNCTION = YES;
				GCC_WARN_UNUSED_VARIABLE = YES;
				IPHONEOS_DEPLOYMENT_TARGET = 10.2;
				MTL_ENABLE_DEBUG_INFO = NO;
				SDKROOT = iphoneos;
				SWIFT_OPTIMIZATION_LEVEL = "-Owholemodule";
				TARGETED_DEVICE_FAMILY = "1,2";
				VALIDATE_PRODUCT = YES;
			};
			name = Release;
		};
		1AEF721D1E8C275900BCBEB9 /* Debug */ = {
			isa = XCBuildConfiguration;
			buildSettings = {
				ASSETCATALOG_COMPILER_APPICON_NAME = AppIcon;
				INFOPLIST_FILE = "History-of-HearthStone/Info.plist";
				LD_RUNPATH_SEARCH_PATHS = "$(inherited) @executable_path/Frameworks";
				PRODUCT_BUNDLE_IDENTIFIER = "com.codershigh.History-of-HearthStone";
				PRODUCT_NAME = "$(TARGET_NAME)";
				SWIFT_VERSION = 3.0;
			};
			name = Debug;
		};
		1AEF721E1E8C275900BCBEB9 /* Release */ = {
			isa = XCBuildConfiguration;
			buildSettings = {
				ASSETCATALOG_COMPILER_APPICON_NAME = AppIcon;
				INFOPLIST_FILE = "History-of-HearthStone/Info.plist";
				LD_RUNPATH_SEARCH_PATHS = "$(inherited) @executable_path/Frameworks";
				PRODUCT_BUNDLE_IDENTIFIER = "com.codershigh.History-of-HearthStone";
				PRODUCT_NAME = "$(TARGET_NAME)";
				SWIFT_VERSION = 3.0;
			};
			name = Release;
		};
/* End XCBuildConfiguration section */

/* Begin XCConfigurationList section */
		1AEF72051E8C275900BCBEB9 /* Build configuration list for PBXProject "History-of-HearthStone" */ = {
			isa = XCConfigurationList;
			buildConfigurations = (
				1AEF721A1E8C275900BCBEB9 /* Debug */,
				1AEF721B1E8C275900BCBEB9 /* Release */,
			);
			defaultConfigurationIsVisible = 0;
			defaultConfigurationName = Release;
		};
		1AEF721C1E8C275900BCBEB9 /* Build configuration list for PBXNativeTarget "History-of-HearthStone" */ = {
			isa = XCConfigurationList;
			buildConfigurations = (
				1AEF721D1E8C275900BCBEB9 /* Debug */,
				1AEF721E1E8C275900BCBEB9 /* Release */,
			);
			defaultConfigurationIsVisible = 0;
		};
/* End XCConfigurationList section */
	};
	rootObject = 1AEF72021E8C275900BCBEB9 /* Project object */;
}
